
Microsoft Visual Studio Solution File, Format Version 12.00
# Visual Studio Version 17
VisualStudioVersion = 17.14.36408.4
MinimumVisualStudioVersion = 10.0.40219.1
Project("{FAE04EC0-301F-11D3-BF4B-00C04F79EFBC}") = "Blocktavius.Core", "Blocktavius.Core\Blocktavius.Core.csproj", "{F74E3B1F-4A90-7129-974A-17B7AF2F75DB}"
EndProject
Project("{FAE04EC0-301F-11D3-BF4B-00C04F79EFBC}") = "Blocktavius.Tests", "Blocktavius.Tests\Blocktavius.Tests.csproj", "{96CF9882-5977-CBCC-8237-8E8379E85652}"
EndProject
Project("{FAE04EC0-301F-11D3-BF4B-00C04F79EFBC}") = "Blocktavius.AppDQB2", "Blocktavius.AppDQB2\Blocktavius.AppDQB2.csproj", "{3C68E1EB-C152-EE6F-4395-8132DDB2F915}"
EndProject
Project("{FAE04EC0-301F-11D3-BF4B-00C04F79EFBC}") = "Blocktavius.DQB2", "Blocktavius.DQB2\Blocktavius.DQB2.csproj", "{52D60FF7-8A11-4CDB-BF0B-116FFFE5F58B}"
EndProject
Project("{2150E333-8FDC-42A3-9474-1A3956D46DE8}") = "Solution Items", "Solution Items", "{8EC462FD-D22E-90A8-E5CE-7E832BA40C5D}"
	ProjectSection(SolutionItems) = preProject
		ProjectNotes.md = ProjectNotes.md
	EndProjectSection
EndProject
Project("{FAE04EC0-301F-11D3-BF4B-00C04F79EFBC}") = "Antipasta", "Antipasta\Antipasta.csproj", "{098197E3-A33F-4D06-B6ED-FA61032DE307}"
EndProject
Project("{FAE04EC0-301F-11D3-BF4B-00C04F79EFBC}") = "Blocktavius.AppDQB2Tests", "Blocktavius.AppDQB2Tests\Blocktavius.AppDQB2Tests.csproj", "{DA50C9A5-B158-4162-9C81-DB1086B55D16}"
EndProject
Global
	GlobalSection(SolutionConfigurationPlatforms) = preSolution
		Debug|Any CPU = Debug|Any CPU
		Release|Any CPU = Release|Any CPU
	EndGlobalSection
	GlobalSection(ProjectConfigurationPlatforms) = postSolution
		{F74E3B1F-4A90-7129-974A-17B7AF2F75DB}.Debug|Any CPU.ActiveCfg = Debug|Any CPU
		{F74E3B1F-4A90-7129-974A-17B7AF2F75DB}.Debug|Any CPU.Build.0 = Debug|Any CPU
		{F74E3B1F-4A90-7129-974A-17B7AF2F75DB}.Release|Any CPU.ActiveCfg = Release|Any CPU
		{F74E3B1F-4A90-7129-974A-17B7AF2F75DB}.Release|Any CPU.Build.0 = Release|Any CPU
		{96CF9882-5977-CBCC-8237-8E8379E85652}.Debug|Any CPU.ActiveCfg = Debug|Any CPU
		{96CF9882-5977-CBCC-8237-8E8379E85652}.Debug|Any CPU.Build.0 = Debug|Any CPU
		{96CF9882-5977-CBCC-8237-8E8379E85652}.Release|Any CPU.ActiveCfg = Release|Any CPU
		{96CF9882-5977-CBCC-8237-8E8379E85652}.Release|Any CPU.Build.0 = Release|Any CPU
		{3C68E1EB-C152-EE6F-4395-8132DDB2F915}.Debug|Any CPU.ActiveCfg = Debug|Any CPU
		{3C68E1EB-C152-EE6F-4395-8132DDB2F915}.Debug|Any CPU.Build.0 = Debug|Any CPU
		{3C68E1EB-C152-EE6F-4395-8132DDB2F915}.Release|Any CPU.ActiveCfg = Release|Any CPU
		{3C68E1EB-C152-EE6F-4395-8132DDB2F915}.Release|Any CPU.Build.0 = Release|Any CPU
		{52D60FF7-8A11-4CDB-BF0B-116FFFE5F58B}.Debug|Any CPU.ActiveCfg = Debug|Any CPU
		{52D60FF7-8A11-4CDB-BF0B-116FFFE5F58B}.Debug|Any CPU.Build.0 = Debug|Any CPU
		{52D60FF7-8A11-4CDB-BF0B-116FFFE5F58B}.Release|Any CPU.ActiveCfg = Release|Any CPU
		{52D60FF7-8A11-4CDB-BF0B-116FFFE5F58B}.Release|Any CPU.Build.0 = Release|Any CPU
		{098197E3-A33F-4D06-B6ED-FA61032DE307}.Debug|Any CPU.ActiveCfg = Debug|Any CPU
		{098197E3-A33F-4D06-B6ED-FA61032DE307}.Debug|Any CPU.Build.0 = Debug|Any CPU
		{098197E3-A33F-4D06-B6ED-FA61032DE307}.Release|Any CPU.ActiveCfg = Release|Any CPU
		{098197E3-A33F-4D06-B6ED-FA61032DE307}.Release|Any CPU.Build.0 = Release|Any CPU
		{DA50C9A5-B158-4162-9C81-DB1086B55D16}.Debug|Any CPU.ActiveCfg = Debug|Any CPU
		{DA50C9A5-B158-4162-9C81-DB1086B55D16}.Debug|Any CPU.Build.0 = Debug|Any CPU
		{DA50C9A5-B158-4162-9C81-DB1086B55D16}.Release|Any CPU.ActiveCfg = Release|Any CPU
		{DA50C9A5-B158-4162-9C81-DB1086B55D16}.Release|Any CPU.Build.0 = Release|Any CPU
	EndGlobalSection
	GlobalSection(SolutionProperties) = preSolution
		HideSolutionNode = FALSE
	EndGlobalSection
	GlobalSection(ExtensibilityGlobals) = postSolution
		SolutionGuid = {3BEEB809-C354-4329-A979-569E29C6A712}
	EndGlobalSection
EndGlobal
